
Microsoft Visual Studio Solution File, Format Version 12.00
Project("{FAE04EC0-301F-11D3-BF4B-00C04F79EFBC}") = "CheatSaver", "CheatSaver\CheatSaver.csproj", "{DAD4D389-94E9-466A-B02D-F48807623703}"
EndProject
Global
	GlobalSection(SolutionConfigurationPlatforms) = preSolution
		Debug|Any CPU = Debug|Any CPU
		Release|Any CPU = Release|Any CPU
	EndGlobalSection
	GlobalSection(ProjectConfigurationPlatforms) = postSolution
		{DAD4D389-94E9-466A-B02D-F48807623703}.Debug|Any CPU.ActiveCfg = Debug|Any CPU
		{DAD4D389-94E9-466A-B02D-F48807623703}.Debug|Any CPU.Build.0 = Debug|Any CPU
		{DAD4D389-94E9-466A-B02D-F48807623703}.Release|Any CPU.ActiveCfg = Release|Any CPU
		{DAD4D389-94E9-466A-B02D-F48807623703}.Release|Any CPU.Build.0 = Release|Any CPU
	EndGlobalSection
EndGlobal
